// !$*UTF8*$!
{
	archiveVersion = 1;
	classes = {
	};
	objectVersion = 50;
	objects = {

/* Begin PBXBuildFile section */
		952B36BB22376D860056EE69 /* hat.png in Resources */ = {isa = PBXBuildFile; fileRef = 952B36BA22376D850056EE69 /* hat.png */; };
		952B36BD2237901E0056EE69 /* foo.rtf in Resources */ = {isa = PBXBuildFile; fileRef = 952B36BC2237901E0056EE69 /* foo.rtf */; };
		952B36C222386A720056EE69 /* gryffindor.jpg in Resources */ = {isa = PBXBuildFile; fileRef = 952B36BE22386A720056EE69 /* gryffindor.jpg */; };
		952B36C322386A720056EE69 /* ravenclaw.png in Resources */ = {isa = PBXBuildFile; fileRef = 952B36BF22386A720056EE69 /* ravenclaw.png */; };
		952B36C422386A720056EE69 /* hufflepuff.jpg in Resources */ = {isa = PBXBuildFile; fileRef = 952B36C022386A720056EE69 /* hufflepuff.jpg */; };
		952B36C522386A720056EE69 /* slytherin.jpg in Resources */ = {isa = PBXBuildFile; fileRef = 952B36C122386A720056EE69 /* slytherin.jpg */; };
		952B36C62238CC830056EE69 /* BOOTERFF.ttf in Resources */ = {isa = PBXBuildFile; fileRef = 95E489EC222DF6140004AEF4 /* BOOTERFF.ttf */; };
		952B36C72238CC880056EE69 /* HARRYP__.TTF in Resources */ = {isa = PBXBuildFile; fileRef = 95E489EB222DF56B0004AEF4 /* HARRYP__.TTF */; };
		952B36C92238DB600056EE69 /* paper_background.jpg in Resources */ = {isa = PBXBuildFile; fileRef = 952B36C82238DB600056EE69 /* paper_background.jpg */; };
		952B36CB2238DCE50056EE69 /* floating harry potter.gif in Resources */ = {isa = PBXBuildFile; fileRef = 952B36CA2238DCE50056EE69 /* floating harry potter.gif */; };
		952B36CD2238EC470056EE69 /* WebViewController.swift in Sources */ = {isa = PBXBuildFile; fileRef = 952B36CC2238EC470056EE69 /* WebViewController.swift */; };
		953BB3E5222DE70A00BC0E7F /* QuestionViewController.swift in Sources */ = {isa = PBXBuildFile; fileRef = 953BB3E4222DE70A00BC0E7F /* QuestionViewController.swift */; };
		95A838BD2239E22E0007706B /* Assets.xcassets in Resources */ = {isa = PBXBuildFile; fileRef = 95A838BC2239E22E0007706B /* Assets.xcassets */; };
		95DCA4BF222786BA0055E9D1 /* AppDelegate.swift in Sources */ = {isa = PBXBuildFile; fileRef = 95DCA4BE222786BA0055E9D1 /* AppDelegate.swift */; };
		95DCA4C1222786BA0055E9D1 /* ViewController.swift in Sources */ = {isa = PBXBuildFile; fileRef = 95DCA4C0222786BA0055E9D1 /* ViewController.swift */; };
		95DCA4C4222786BA0055E9D1 /* Main.storyboard in Resources */ = {isa = PBXBuildFile; fileRef = 95DCA4C2222786BA0055E9D1 /* Main.storyboard */; };
		95DCA4D4222786C40055E9D1 /* HP_Sorting_HatTests.swift in Sources */ = {isa = PBXBuildFile; fileRef = 95DCA4D3222786C40055E9D1 /* HP_Sorting_HatTests.swift */; };
		95DCA4DF222786C40055E9D1 /* HP_Sorting_HatUITests.swift in Sources */ = {isa = PBXBuildFile; fileRef = 95DCA4DE222786C40055E9D1 /* HP_Sorting_HatUITests.swift */; };
		95E489EF222DF6F60004AEF4 /* great_hall.jpg in Resources */ = {isa = PBXBuildFile; fileRef = 95E489EE222DF6F60004AEF4 /* great_hall.jpg */; };
/* End PBXBuildFile section */

/* Begin PBXContainerItemProxy section */
		95DCA4D0222786C40055E9D1 /* PBXContainerItemProxy */ = {
			isa = PBXContainerItemProxy;
			containerPortal = 95DCA4B3222786B90055E9D1 /* Project object */;
			proxyType = 1;
			remoteGlobalIDString = 95DCA4BA222786B90055E9D1;
			remoteInfo = "HP Sorting Hat";
		};
		95DCA4DB222786C40055E9D1 /* PBXContainerItemProxy */ = {
			isa = PBXContainerItemProxy;
			containerPortal = 95DCA4B3222786B90055E9D1 /* Project object */;
			proxyType = 1;
			remoteGlobalIDString = 95DCA4BA222786B90055E9D1;
			remoteInfo = "HP Sorting Hat";
		};
/* End PBXContainerItemProxy section */

/* Begin PBXFileReference section */
		9505763D2239B8A500E93D6C /* HP Sorting Hat.entitlements */ = {isa = PBXFileReference; lastKnownFileType = text.plist.entitlements; path = "HP Sorting Hat.entitlements"; sourceTree = "<group>"; };
		952B36BA22376D850056EE69 /* hat.png */ = {isa = PBXFileReference; lastKnownFileType = image.png; name = hat.png; path = ../../../../../Documents/hat.png; sourceTree = "<group>"; };
		952B36BC2237901E0056EE69 /* foo.rtf */ = {isa = PBXFileReference; lastKnownFileType = text.rtf; path = foo.rtf; sourceTree = "<group>"; };
		952B36BE22386A720056EE69 /* gryffindor.jpg */ = {isa = PBXFileReference; lastKnownFileType = image.jpeg; name = gryffindor.jpg; path = ../../../../../Desktop/gryffindor.jpg; sourceTree = "<group>"; };
		952B36BF22386A720056EE69 /* ravenclaw.png */ = {isa = PBXFileReference; lastKnownFileType = image.png; name = ravenclaw.png; path = ../../../../../Desktop/ravenclaw.png; sourceTree = "<group>"; };
		952B36C022386A720056EE69 /* hufflepuff.jpg */ = {isa = PBXFileReference; lastKnownFileType = image.jpeg; name = hufflepuff.jpg; path = ../../../../../Desktop/hufflepuff.jpg; sourceTree = "<group>"; };
		952B36C122386A720056EE69 /* slytherin.jpg */ = {isa = PBXFileReference; lastKnownFileType = image.jpeg; name = slytherin.jpg; path = ../../../../../Desktop/slytherin.jpg; sourceTree = "<group>"; };
		952B36C82238DB600056EE69 /* paper_background.jpg */ = {isa = PBXFileReference; lastKnownFileType = image.jpeg; name = paper_background.jpg; path = ../../../../../Desktop/paper_background.jpg; sourceTree = "<group>"; };
		952B36CA2238DCE50056EE69 /* floating harry potter.gif */ = {isa = PBXFileReference; lastKnownFileType = image.gif; name = "floating harry potter.gif"; path = "../../../../../Desktop/floating harry potter.gif"; sourceTree = "<group>"; };
		952B36CC2238EC470056EE69 /* WebViewController.swift */ = {isa = PBXFileReference; lastKnownFileType = sourcecode.swift; path = WebViewController.swift; sourceTree = "<group>"; };
		953BB3E4222DE70A00BC0E7F /* QuestionViewController.swift */ = {isa = PBXFileReference; lastKnownFileType = sourcecode.swift; path = QuestionViewController.swift; sourceTree = "<group>"; };
		95A838BC2239E22E0007706B /* Assets.xcassets */ = {isa = PBXFileReference; lastKnownFileType = folder.assetcatalog; path = Assets.xcassets; sourceTree = "<group>"; };
		95DCA4BB222786BA0055E9D1 /* HP Sorting Hat.app */ = {isa = PBXFileReference; explicitFileType = wrapper.application; includeInIndex = 0; path = "HP Sorting Hat.app"; sourceTree = BUILT_PRODUCTS_DIR; };
		95DCA4BE222786BA0055E9D1 /* AppDelegate.swift */ = {isa = PBXFileReference; lastKnownFileType = sourcecode.swift; path = AppDelegate.swift; sourceTree = "<group>"; };
		95DCA4C0222786BA0055E9D1 /* ViewController.swift */ = {isa = PBXFileReference; lastKnownFileType = sourcecode.swift; path = ViewController.swift; sourceTree = "<group>"; };
		95DCA4C3222786BA0055E9D1 /* Base */ = {isa = PBXFileReference; lastKnownFileType = file.storyboard; name = Base; path = Base.lproj/Main.storyboard; sourceTree = "<group>"; };
		95DCA4CA222786C30055E9D1 /* Info.plist */ = {isa = PBXFileReference; lastKnownFileType = text.plist.xml; path = Info.plist; sourceTree = "<group>"; };
		95DCA4CF222786C40055E9D1 /* HP Sorting HatTests.xctest */ = {isa = PBXFileReference; explicitFileType = wrapper.cfbundle; includeInIndex = 0; path = "HP Sorting HatTests.xctest"; sourceTree = BUILT_PRODUCTS_DIR; };
		95DCA4D3222786C40055E9D1 /* HP_Sorting_HatTests.swift */ = {isa = PBXFileReference; lastKnownFileType = sourcecode.swift; path = HP_Sorting_HatTests.swift; sourceTree = "<group>"; };
		95DCA4D5222786C40055E9D1 /* Info.plist */ = {isa = PBXFileReference; lastKnownFileType = text.plist.xml; path = Info.plist; sourceTree = "<group>"; };
		95DCA4DA222786C40055E9D1 /* HP Sorting HatUITests.xctest */ = {isa = PBXFileReference; explicitFileType = wrapper.cfbundle; includeInIndex = 0; path = "HP Sorting HatUITests.xctest"; sourceTree = BUILT_PRODUCTS_DIR; };
		95DCA4DE222786C40055E9D1 /* HP_Sorting_HatUITests.swift */ = {isa = PBXFileReference; lastKnownFileType = sourcecode.swift; path = HP_Sorting_HatUITests.swift; sourceTree = "<group>"; };
		95DCA4E0222786C40055E9D1 /* Info.plist */ = {isa = PBXFileReference; lastKnownFileType = text.plist.xml; path = Info.plist; sourceTree = "<group>"; };
		95E489EB222DF56B0004AEF4 /* HARRYP__.TTF */ = {isa = PBXFileReference; lastKnownFileType = file; name = HARRYP__.TTF; path = ../../../../../Downloads/harry_p/HARRYP__.TTF; sourceTree = "<group>"; };
		95E489EC222DF6140004AEF4 /* BOOTERFF.ttf */ = {isa = PBXFileReference; lastKnownFileType = file; name = BOOTERFF.ttf; path = ../../../../../Downloads/booter/BOOTERFF.ttf; sourceTree = "<group>"; };
		95E489EE222DF6F60004AEF4 /* great_hall.jpg */ = {isa = PBXFileReference; lastKnownFileType = image.jpeg; name = great_hall.jpg; path = ../../../../../Desktop/great_hall.jpg; sourceTree = "<group>"; };
/* End PBXFileReference section */

/* Begin PBXFrameworksBuildPhase section */
		95DCA4B8222786B90055E9D1 /* Frameworks */ = {
			isa = PBXFrameworksBuildPhase;
			buildActionMask = 2147483647;
			files = (
			);
			runOnlyForDeploymentPostprocessing = 0;
		};
		95DCA4CC222786C40055E9D1 /* Frameworks */ = {
			isa = PBXFrameworksBuildPhase;
			buildActionMask = 2147483647;
			files = (
			);
			runOnlyForDeploymentPostprocessing = 0;
		};
		95DCA4D7222786C40055E9D1 /* Frameworks */ = {
			isa = PBXFrameworksBuildPhase;
			buildActionMask = 2147483647;
			files = (
			);
			runOnlyForDeploymentPostprocessing = 0;
		};
/* End PBXFrameworksBuildPhase section */

/* Begin PBXGroup section */
		95DCA4B2222786B90055E9D1 = {
			isa = PBXGroup;
			children = (
				952B36BC2237901E0056EE69 /* foo.rtf */,
				95DCA4BD222786BA0055E9D1 /* HP Sorting Hat */,
				95DCA4D2222786C40055E9D1 /* HP Sorting HatTests */,
				95DCA4DD222786C40055E9D1 /* HP Sorting HatUITests */,
				95DCA4BC222786BA0055E9D1 /* Products */,
			);
			sourceTree = "<group>";
		};
		95DCA4BC222786BA0055E9D1 /* Products */ = {
			isa = PBXGroup;
			children = (
				95DCA4BB222786BA0055E9D1 /* HP Sorting Hat.app */,
				95DCA4CF222786C40055E9D1 /* HP Sorting HatTests.xctest */,
				95DCA4DA222786C40055E9D1 /* HP Sorting HatUITests.xctest */,
			);
			name = Products;
			sourceTree = "<group>";
		};
		95DCA4BD222786BA0055E9D1 /* HP Sorting Hat */ = {
			isa = PBXGroup;
			children = (
				9505763D2239B8A500E93D6C /* HP Sorting Hat.entitlements */,
				95A838BC2239E22E0007706B /* Assets.xcassets */,
				95E489ED222DF6D20004AEF4 /* images */,
				95E489EA222DF50D0004AEF4 /* fonts */,
				95DCA4BE222786BA0055E9D1 /* AppDelegate.swift */,
				952B36CC2238EC470056EE69 /* WebViewController.swift */,
				95DCA4C0222786BA0055E9D1 /* ViewController.swift */,
				95DCA4C2222786BA0055E9D1 /* Main.storyboard */,
				95DCA4CA222786C30055E9D1 /* Info.plist */,
				953BB3E4222DE70A00BC0E7F /* QuestionViewController.swift */,
			);
			path = "HP Sorting Hat";
			sourceTree = "<group>";
		};
		95DCA4D2222786C40055E9D1 /* HP Sorting HatTests */ = {
			isa = PBXGroup;
			children = (
				95DCA4D3222786C40055E9D1 /* HP_Sorting_HatTests.swift */,
				95DCA4D5222786C40055E9D1 /* Info.plist */,
			);
			path = "HP Sorting HatTests";
			sourceTree = "<group>";
		};
		95DCA4DD222786C40055E9D1 /* HP Sorting HatUITests */ = {
			isa = PBXGroup;
			children = (
				95DCA4DE222786C40055E9D1 /* HP_Sorting_HatUITests.swift */,
				95DCA4E0222786C40055E9D1 /* Info.plist */,
			);
			path = "HP Sorting HatUITests";
			sourceTree = "<group>";
		};
		95E489EA222DF50D0004AEF4 /* fonts */ = {
			isa = PBXGroup;
			children = (
				95E489EC222DF6140004AEF4 /* BOOTERFF.ttf */,
				95E489EB222DF56B0004AEF4 /* HARRYP__.TTF */,
			);
			path = fonts;
			sourceTree = "<group>";
		};
		95E489ED222DF6D20004AEF4 /* images */ = {
			isa = PBXGroup;
			children = (
				952B36CA2238DCE50056EE69 /* floating harry potter.gif */,
				952B36C82238DB600056EE69 /* paper_background.jpg */,
				952B36BE22386A720056EE69 /* gryffindor.jpg */,
				952B36C022386A720056EE69 /* hufflepuff.jpg */,
				952B36BF22386A720056EE69 /* ravenclaw.png */,
				952B36C122386A720056EE69 /* slytherin.jpg */,
				952B36BA22376D850056EE69 /* hat.png */,
				95E489EE222DF6F60004AEF4 /* great_hall.jpg */,
			);
			path = images;
			sourceTree = "<group>";
		};
/* End PBXGroup section */

/* Begin PBXNativeTarget section */
		95DCA4BA222786B90055E9D1 /* HP Sorting Hat */ = {
			isa = PBXNativeTarget;
			buildConfigurationList = 95DCA4E3222786C40055E9D1 /* Build configuration list for PBXNativeTarget "HP Sorting Hat" */;
			buildPhases = (
				95DCA4B7222786B90055E9D1 /* Sources */,
				95DCA4B8222786B90055E9D1 /* Frameworks */,
				95DCA4B9222786B90055E9D1 /* Resources */,
			);
			buildRules = (
			);
			dependencies = (
			);
			name = "HP Sorting Hat";
			productName = "HP Sorting Hat";
			productReference = 95DCA4BB222786BA0055E9D1 /* HP Sorting Hat.app */;
			productType = "com.apple.product-type.application";
		};
		95DCA4CE222786C40055E9D1 /* HP Sorting HatTests */ = {
			isa = PBXNativeTarget;
			buildConfigurationList = 95DCA4E6222786C40055E9D1 /* Build configuration list for PBXNativeTarget "HP Sorting HatTests" */;
			buildPhases = (
				95DCA4CB222786C40055E9D1 /* Sources */,
				95DCA4CC222786C40055E9D1 /* Frameworks */,
				95DCA4CD222786C40055E9D1 /* Resources */,
			);
			buildRules = (
			);
			dependencies = (
				95DCA4D1222786C40055E9D1 /* PBXTargetDependency */,
			);
			name = "HP Sorting HatTests";
			productName = "HP Sorting HatTests";
			productReference = 95DCA4CF222786C40055E9D1 /* HP Sorting HatTests.xctest */;
			productType = "com.apple.product-type.bundle.unit-test";
		};
		95DCA4D9222786C40055E9D1 /* HP Sorting HatUITests */ = {
			isa = PBXNativeTarget;
			buildConfigurationList = 95DCA4E9222786C40055E9D1 /* Build configuration list for PBXNativeTarget "HP Sorting HatUITests" */;
			buildPhases = (
				95DCA4D6222786C40055E9D1 /* Sources */,
				95DCA4D7222786C40055E9D1 /* Frameworks */,
				95DCA4D8222786C40055E9D1 /* Resources */,
			);
			buildRules = (
			);
			dependencies = (
				95DCA4DC222786C40055E9D1 /* PBXTargetDependency */,
			);
			name = "HP Sorting HatUITests";
			productName = "HP Sorting HatUITests";
			productReference = 95DCA4DA222786C40055E9D1 /* HP Sorting HatUITests.xctest */;
			productType = "com.apple.product-type.bundle.ui-testing";
		};
/* End PBXNativeTarget section */

/* Begin PBXProject section */
		95DCA4B3222786B90055E9D1 /* Project object */ = {
			isa = PBXProject;
			attributes = {
				LastSwiftUpdateCheck = 1010;
				LastUpgradeCheck = 1010;
				ORGANIZATIONNAME = "Kelsey Yim";
				TargetAttributes = {
					95DCA4BA222786B90055E9D1 = {
						CreatedOnToolsVersion = 10.1;
						SystemCapabilities = {
							com.apple.ApplicationGroups.iOS = {
								enabled = 0;
							};
							com.apple.Keychain = {
								enabled = 0;
							};
						};
					};
					95DCA4CE222786C40055E9D1 = {
						CreatedOnToolsVersion = 10.1;
						TestTargetID = 95DCA4BA222786B90055E9D1;
					};
					95DCA4D9222786C40055E9D1 = {
						CreatedOnToolsVersion = 10.1;
						TestTargetID = 95DCA4BA222786B90055E9D1;
					};
				};
			};
			buildConfigurationList = 95DCA4B6222786B90055E9D1 /* Build configuration list for PBXProject "HP Sorting Hat" */;
			compatibilityVersion = "Xcode 9.3";
			developmentRegion = en;
			hasScannedForEncodings = 0;
			knownRegions = (
				en,
				Base,
			);
			mainGroup = 95DCA4B2222786B90055E9D1;
			productRefGroup = 95DCA4BC222786BA0055E9D1 /* Products */;
			projectDirPath = "";
			projectRoot = "";
			targets = (
				95DCA4BA222786B90055E9D1 /* HP Sorting Hat */,
				95DCA4CE222786C40055E9D1 /* HP Sorting HatTests */,
				95DCA4D9222786C40055E9D1 /* HP Sorting HatUITests */,
			);
		};
/* End PBXProject section */

/* Begin PBXResourcesBuildPhase section */
		95DCA4B9222786B90055E9D1 /* Resources */ = {
			isa = PBXResourcesBuildPhase;
			buildActionMask = 2147483647;
			files = (
				952B36C422386A720056EE69 /* hufflepuff.jpg in Resources */,
				952B36C92238DB600056EE69 /* paper_background.jpg in Resources */,
				952B36C522386A720056EE69 /* slytherin.jpg in Resources */,
				952B36C322386A720056EE69 /* ravenclaw.png in Resources */,
				952B36BD2237901E0056EE69 /* foo.rtf in Resources */,
				95DCA4C4222786BA0055E9D1 /* Main.storyboard in Resources */,
				95A838BD2239E22E0007706B /* Assets.xcassets in Resources */,
				95E489EF222DF6F60004AEF4 /* great_hall.jpg in Resources */,
				952B36C62238CC830056EE69 /* BOOTERFF.ttf in Resources */,
				952B36CB2238DCE50056EE69 /* floating harry potter.gif in Resources */,
				952B36C72238CC880056EE69 /* HARRYP__.TTF in Resources */,
				952B36BB22376D860056EE69 /* hat.png in Resources */,
				952B36C222386A720056EE69 /* gryffindor.jpg in Resources */,
			);
			runOnlyForDeploymentPostprocessing = 0;
		};
		95DCA4CD222786C40055E9D1 /* Resources */ = {
			isa = PBXResourcesBuildPhase;
			buildActionMask = 2147483647;
			files = (
			);
			runOnlyForDeploymentPostprocessing = 0;
		};
		95DCA4D8222786C40055E9D1 /* Resources */ = {
			isa = PBXResourcesBuildPhase;
			buildActionMask = 2147483647;
			files = (
			);
			runOnlyForDeploymentPostprocessing = 0;
		};
/* End PBXResourcesBuildPhase section */

/* Begin PBXSourcesBuildPhase section */
		95DCA4B7222786B90055E9D1 /* Sources */ = {
			isa = PBXSourcesBuildPhase;
			buildActionMask = 2147483647;
			files = (
				95DCA4C1222786BA0055E9D1 /* ViewController.swift in Sources */,
				95DCA4BF222786BA0055E9D1 /* AppDelegate.swift in Sources */,
				953BB3E5222DE70A00BC0E7F /* QuestionViewController.swift in Sources */,
				952B36CD2238EC470056EE69 /* WebViewController.swift in Sources */,
			);
			runOnlyForDeploymentPostprocessing = 0;
		};
		95DCA4CB222786C40055E9D1 /* Sources */ = {
			isa = PBXSourcesBuildPhase;
			buildActionMask = 2147483647;
			files = (
				95DCA4D4222786C40055E9D1 /* HP_Sorting_HatTests.swift in Sources */,
			);
			runOnlyForDeploymentPostprocessing = 0;
		};
		95DCA4D6222786C40055E9D1 /* Sources */ = {
			isa = PBXSourcesBuildPhase;
			buildActionMask = 2147483647;
			files = (
				95DCA4DF222786C40055E9D1 /* HP_Sorting_HatUITests.swift in Sources */,
			);
			runOnlyForDeploymentPostprocessing = 0;
		};
/* End PBXSourcesBuildPhase section */

/* Begin PBXTargetDependency section */
		95DCA4D1222786C40055E9D1 /* PBXTargetDependency */ = {
			isa = PBXTargetDependency;
			target = 95DCA4BA222786B90055E9D1 /* HP Sorting Hat */;
			targetProxy = 95DCA4D0222786C40055E9D1 /* PBXContainerItemProxy */;
		};
		95DCA4DC222786C40055E9D1 /* PBXTargetDependency */ = {
			isa = PBXTargetDependency;
			target = 95DCA4BA222786B90055E9D1 /* HP Sorting Hat */;
			targetProxy = 95DCA4DB222786C40055E9D1 /* PBXContainerItemProxy */;
		};
/* End PBXTargetDependency section */

/* Begin PBXVariantGroup section */
		95DCA4C2222786BA0055E9D1 /* Main.storyboard */ = {
			isa = PBXVariantGroup;
			children = (
				95DCA4C3222786BA0055E9D1 /* Base */,
			);
			name = Main.storyboard;
			sourceTree = "<group>";
		};
/* End PBXVariantGroup section */

/* Begin XCBuildConfiguration section */
		95DCA4E1222786C40055E9D1 /* Debug */ = {
			isa = XCBuildConfiguration;
			buildSettings = {
				ALWAYS_SEARCH_USER_PATHS = NO;
				CLANG_ANALYZER_NONNULL = YES;
				CLANG_ANALYZER_NUMBER_OBJECT_CONVERSION = YES_AGGRESSIVE;
				CLANG_CXX_LANGUAGE_STANDARD = "gnu++14";
				CLANG_CXX_LIBRARY = "libc++";
				CLANG_ENABLE_MODULES = YES;
				CLANG_ENABLE_OBJC_ARC = YES;
				CLANG_ENABLE_OBJC_WEAK = YES;
				CLANG_WARN_BLOCK_CAPTURE_AUTORELEASING = YES;
				CLANG_WARN_BOOL_CONVERSION = YES;
				CLANG_WARN_COMMA = YES;
				CLANG_WARN_CONSTANT_CONVERSION = YES;
				CLANG_WARN_DEPRECATED_OBJC_IMPLEMENTATIONS = YES;
				CLANG_WARN_DIRECT_OBJC_ISA_USAGE = YES_ERROR;
				CLANG_WARN_DOCUMENTATION_COMMENTS = YES;
				CLANG_WARN_EMPTY_BODY = YES;
				CLANG_WARN_ENUM_CONVERSION = YES;
				CLANG_WARN_INFINITE_RECURSION = YES;
				CLANG_WARN_INT_CONVERSION = YES;
				CLANG_WARN_NON_LITERAL_NULL_CONVERSION = YES;
				CLANG_WARN_OBJC_IMPLICIT_RETAIN_SELF = YES;
				CLANG_WARN_OBJC_LITERAL_CONVERSION = YES;
				CLANG_WARN_OBJC_ROOT_CLASS = YES_ERROR;
				CLANG_WARN_RANGE_LOOP_ANALYSIS = YES;
				CLANG_WARN_STRICT_PROTOTYPES = YES;
				CLANG_WARN_SUSPICIOUS_MOVE = YES;
				CLANG_WARN_UNGUARDED_AVAILABILITY = YES_AGGRESSIVE;
				CLANG_WARN_UNREACHABLE_CODE = YES;
				CLANG_WARN__DUPLICATE_METHOD_MATCH = YES;
				CODE_SIGN_IDENTITY = "iPhone Developer";
				COPY_PHASE_STRIP = NO;
				DEBUG_INFORMATION_FORMAT = dwarf;
				ENABLE_STRICT_OBJC_MSGSEND = YES;
				ENABLE_TESTABILITY = YES;
				GCC_C_LANGUAGE_STANDARD = gnu11;
				GCC_DYNAMIC_NO_PIC = NO;
				GCC_NO_COMMON_BLOCKS = YES;
				GCC_OPTIMIZATION_LEVEL = 0;
				GCC_PREPROCESSOR_DEFINITIONS = (
					"DEBUG=1",
					"$(inherited)",
				);
				GCC_WARN_64_TO_32_BIT_CONVERSION = YES;
				GCC_WARN_ABOUT_RETURN_TYPE = YES_ERROR;
				GCC_WARN_UNDECLARED_SELECTOR = YES;
				GCC_WARN_UNINITIALIZED_AUTOS = YES_AGGRESSIVE;
				GCC_WARN_UNUSED_FUNCTION = YES;
				GCC_WARN_UNUSED_VARIABLE = YES;
				IPHONEOS_DEPLOYMENT_TARGET = 12.1;
				MTL_ENABLE_DEBUG_INFO = INCLUDE_SOURCE;
				MTL_FAST_MATH = YES;
				ONLY_ACTIVE_ARCH = YES;
				SDKROOT = iphoneos;
				SWIFT_ACTIVE_COMPILATION_CONDITIONS = DEBUG;
				SWIFT_OPTIMIZATION_LEVEL = "-Onone";
			};
			name = Debug;
		};
		95DCA4E2222786C40055E9D1 /* Release */ = {
			isa = XCBuildConfiguration;
			buildSettings = {
				ALWAYS_SEARCH_USER_PATHS = NO;
				CLANG_ANALYZER_NONNULL = YES;
				CLANG_ANALYZER_NUMBER_OBJECT_CONVERSION = YES_AGGRESSIVE;
				CLANG_CXX_LANGUAGE_STANDARD = "gnu++14";
				CLANG_CXX_LIBRARY = "libc++";
				CLANG_ENABLE_MODULES = YES;
				CLANG_ENABLE_OBJC_ARC = YES;
				CLANG_ENABLE_OBJC_WEAK = YES;
				CLANG_WARN_BLOCK_CAPTURE_AUTORELEASING = YES;
				CLANG_WARN_BOOL_CONVERSION = YES;
				CLANG_WARN_COMMA = YES;
				CLANG_WARN_CONSTANT_CONVERSION = YES;
				CLANG_WARN_DEPRECATED_OBJC_IMPLEMENTATIONS = YES;
				CLANG_WARN_DIRECT_OBJC_ISA_USAGE = YES_ERROR;
				CLANG_WARN_DOCUMENTATION_COMMENTS = YES;
				CLANG_WARN_EMPTY_BODY = YES;
				CLANG_WARN_ENUM_CONVERSION = YES;
				CLANG_WARN_INFINITE_RECURSION = YES;
				CLANG_WARN_INT_CONVERSION = YES;
				CLANG_WARN_NON_LITERAL_NULL_CONVERSION = YES;
				CLANG_WARN_OBJC_IMPLICIT_RETAIN_SELF = YES;
				CLANG_WARN_OBJC_LITERAL_CONVERSION = YES;
				CLANG_WARN_OBJC_ROOT_CLASS = YES_ERROR;
				CLANG_WARN_RANGE_LOOP_ANALYSIS = YES;
				CLANG_WARN_STRICT_PROTOTYPES = YES;
				CLANG_WARN_SUSPICIOUS_MOVE = YES;
				CLANG_WARN_UNGUARDED_AVAILABILITY = YES_AGGRESSIVE;
				CLANG_WARN_UNREACHABLE_CODE = YES;
				CLANG_WARN__DUPLICATE_METHOD_MATCH = YES;
				CODE_SIGN_IDENTITY = "iPhone Developer";
				COPY_PHASE_STRIP = NO;
				DEBUG_INFORMATION_FORMAT = "dwarf-with-dsym";
				ENABLE_NS_ASSERTIONS = NO;
				ENABLE_STRICT_OBJC_MSGSEND = YES;
				GCC_C_LANGUAGE_STANDARD = gnu11;
				GCC_NO_COMMON_BLOCKS = YES;
				GCC_WARN_64_TO_32_BIT_CONVERSION = YES;
				GCC_WARN_ABOUT_RETURN_TYPE = YES_ERROR;
				GCC_WARN_UNDECLARED_SELECTOR = YES;
				GCC_WARN_UNINITIALIZED_AUTOS = YES_AGGRESSIVE;
				GCC_WARN_UNUSED_FUNCTION = YES;
				GCC_WARN_UNUSED_VARIABLE = YES;
				IPHONEOS_DEPLOYMENT_TARGET = 12.1;
				MTL_ENABLE_DEBUG_INFO = NO;
				MTL_FAST_MATH = YES;
				SDKROOT = iphoneos;
				SWIFT_COMPILATION_MODE = wholemodule;
				SWIFT_OPTIMIZATION_LEVEL = "-O";
				VALIDATE_PRODUCT = YES;
			};
			name = Release;
		};
		95DCA4E4222786C40055E9D1 /* Debug */ = {
			isa = XCBuildConfiguration;
			buildSettings = {
				ASSETCATALOG_COMPILER_APPICON_NAME = AppIcon;
				CODE_SIGN_IDENTITY = "iPhone Developer";
				CODE_SIGN_STYLE = Automatic;
				DEVELOPMENT_TEAM = 8NS76665K2;
				INFOPLIST_FILE = "HP Sorting Hat/Info.plist";
				LD_RUNPATH_SEARCH_PATHS = (
					"$(inherited)",
					"@executable_path/Frameworks",
				);
				PRODUCT_BUNDLE_IDENTIFIER = kelseyyim.sorting;
				PRODUCT_NAME = "$(TARGET_NAME)";
				PROVISIONING_PROFILE_SPECIFIER = "";
				SWIFT_VERSION = 4.2;
				TARGETED_DEVICE_FAMILY = "1,2";
			};
			name = Debug;
		};
		95DCA4E5222786C40055E9D1 /* Release */ = {
			isa = XCBuildConfiguration;
			buildSettings = {
				ASSETCATALOG_COMPILER_APPICON_NAME = AppIcon;
				CODE_SIGN_IDENTITY = "iPhone Developer";
				CODE_SIGN_STYLE = Automatic;
				DEVELOPMENT_TEAM = 8NS76665K2;
				INFOPLIST_FILE = "HP Sorting Hat/Info.plist";
				LD_RUNPATH_SEARCH_PATHS = (
					"$(inherited)",
					"@executable_path/Frameworks",
				);
				PRODUCT_BUNDLE_IDENTIFIER = kelseyyim.sorting;
				PRODUCT_NAME = "$(TARGET_NAME)";
				PROVISIONING_PROFILE_SPECIFIER = "";
				SWIFT_VERSION = 4.2;
				TARGETED_DEVICE_FAMILY = "1,2";
			};
			name = Release;
		};
		95DCA4E7222786C40055E9D1 /* Debug */ = {
			isa = XCBuildConfiguration;
			buildSettings = {
				ALWAYS_EMBED_SWIFT_STANDARD_LIBRARIES = YES;
				BUNDLE_LOADER = "$(TEST_HOST)";
				CODE_SIGN_STYLE = Automatic;
				DEVELOPMENT_TEAM = 8NS76665K2;
				INFOPLIST_FILE = "HP Sorting HatTests/Info.plist";
				LD_RUNPATH_SEARCH_PATHS = (
					"$(inherited)",
					"@executable_path/Frameworks",
					"@loader_path/Frameworks",
				);
				PRODUCT_BUNDLE_IDENTIFIER = "kelseyyim.HP-Sorting-HatTests";
				PRODUCT_NAME = "$(TARGET_NAME)";
				SWIFT_VERSION = 4.2;
				TARGETED_DEVICE_FAMILY = "1,2";
				TEST_HOST = "$(BUILT_PRODUCTS_DIR)/HP Sorting Hat.app/HP Sorting Hat";
			};
			name = Debug;
		};
		95DCA4E8222786C40055E9D1 /* Release */ = {
			isa = XCBuildConfiguration;
			buildSettings = {
				ALWAYS_EMBED_SWIFT_STANDARD_LIBRARIES = YES;
				BUNDLE_LOADER = "$(TEST_HOST)";
				CODE_SIGN_STYLE = Automatic;
				DEVELOPMENT_TEAM = 8NS76665K2;
				INFOPLIST_FILE = "HP Sorting HatTests/Info.plist";
				LD_RUNPATH_SEARCH_PATHS = (
					"$(inherited)",
					"@executable_path/Frameworks",
					"@loader_path/Frameworks",
				);
				PRODUCT_BUNDLE_IDENTIFIER = "kelseyyim.HP-Sorting-HatTests";
				PRODUCT_NAME = "$(TARGET_NAME)";
				SWIFT_VERSION = 4.2;
				TARGETED_DEVICE_FAMILY = "1,2";
				TEST_HOST = "$(BUILT_PRODUCTS_DIR)/HP Sorting Hat.app/HP Sorting Hat";
			};
			name = Release;
		};
		95DCA4EA222786C40055E9D1 /* Debug */ = {
			isa = XCBuildConfiguration;
			buildSettings = {
				ALWAYS_EMBED_SWIFT_STANDARD_LIBRARIES = YES;
				CODE_SIGN_STYLE = Automatic;
				DEVELOPMENT_TEAM = 8NS76665K2;
				INFOPLIST_FILE = "HP Sorting HatUITests/Info.plist";
				LD_RUNPATH_SEARCH_PATHS = (
					"$(inherited)",
					"@executable_path/Frameworks",
					"@loader_path/Frameworks",
				);
				PRODUCT_BUNDLE_IDENTIFIER = "kelseyyim.HP-Sorting-HatUITests";
				PRODUCT_NAME = "$(TARGET_NAME)";
				SWIFT_VERSION = 4.2;
				TARGETED_DEVICE_FAMILY = "1,2";
				TEST_TARGET_NAME = "HP Sorting Hat";
			};
			name = Debug;
		};
		95DCA4EB222786C40055E9D1 /* Release */ = {
			isa = XCBuildConfiguration;
			buildSettings = {
				ALWAYS_EMBED_SWIFT_STANDARD_LIBRARIES = YES;
				CODE_SIGN_STYLE = Automatic;
				DEVELOPMENT_TEAM = 8NS76665K2;
				INFOPLIST_FILE = "HP Sorting HatUITests/Info.plist";
				LD_RUNPATH_SEARCH_PATHS = (
					"$(inherited)",
					"@executable_path/Frameworks",
					"@loader_path/Frameworks",
				);
				PRODUCT_BUNDLE_IDENTIFIER = "kelseyyim.HP-Sorting-HatUITests";
				PRODUCT_NAME = "$(TARGET_NAME)";
				SWIFT_VERSION = 4.2;
				TARGETED_DEVICE_FAMILY = "1,2";
				TEST_TARGET_NAME = "HP Sorting Hat";
			};
			name = Release;
		};
/* End XCBuildConfiguration section */

/* Begin XCConfigurationList section */
		95DCA4B6222786B90055E9D1 /* Build configuration list for PBXProject "HP Sorting Hat" */ = {
			isa = XCConfigurationList;
			buildConfigurations = (
				95DCA4E1222786C40055E9D1 /* Debug */,
				95DCA4E2222786C40055E9D1 /* Release */,
			);
			defaultConfigurationIsVisible = 0;
			defaultConfigurationName = Release;
		};
		95DCA4E3222786C40055E9D1 /* Build configuration list for PBXNativeTarget "HP Sorting Hat" */ = {
			isa = XCConfigurationList;
			buildConfigurations = (
				95DCA4E4222786C40055E9D1 /* Debug */,
				95DCA4E5222786C40055E9D1 /* Release */,
			);
			defaultConfigurationIsVisible = 0;
			defaultConfigurationName = Release;
		};
		95DCA4E6222786C40055E9D1 /* Build configuration list for PBXNativeTarget "HP Sorting HatTests" */ = {
			isa = XCConfigurationList;
			buildConfigurations = (
				95DCA4E7222786C40055E9D1 /* Debug */,
				95DCA4E8222786C40055E9D1 /* Release */,
			);
			defaultConfigurationIsVisible = 0;
			defaultConfigurationName = Release;
		};
		95DCA4E9222786C40055E9D1 /* Build configuration list for PBXNativeTarget "HP Sorting HatUITests" */ = {
			isa = XCConfigurationList;
			buildConfigurations = (
				95DCA4EA222786C40055E9D1 /* Debug */,
				95DCA4EB222786C40055E9D1 /* Release */,
			);
			defaultConfigurationIsVisible = 0;
			defaultConfigurationName = Release;
		};
/* End XCConfigurationList section */
	};
	rootObject = 95DCA4B3222786B90055E9D1 /* Project object */;
}
